{
  "name": "lockfile-app",
  "version": "1.0.0",
  "lockfileVersion": 3,
  "requires": true,
  "packages": {
    "": {
      "name": "lockfile-app",
      "version": "1.0.0",
      "dependencies": {
        "wardby-lock-root": "^1.0.0"
      }
    },
    "node_modules/wardby-lock-root": {
      "version": "1.0.0",
      "resolved": "https://registry.npmjs.org/wardby-lock-root/-/wardby-lock-root-1.0.0.tgz",
      "integrity": "sha512-QWwjQXglZjJBsZAYRGrP5B1FKe01G27p/SGOPRqSxFB+56ATLwlkXxtWnCywvo5oPOweaWVRmoyt93WrsbnL1A==",
      "dependencies": {
        "wardby-lock-child": "^1.0.0"
      }
    },
    "node_modules/wardby-lock-child": {
      "version": "1.0.0",
      "resolved": "https://registry.npmjs.org/wardby-lock-child/-/wardby-lock-child-1.0.0.tgz",
      "integrity": "sha512-DPGZ40OFAIjqPl9YTRwji2YcqPpB1eAuffcuqPWF+l2oxOavwHtsIfzI/qeuMsYMlypb+lpXb467YvQxvE/2Gw=="
    }
  }
}
